
Microsoft Visual Studio Solution File, Format Version 12.00
# Visual Studio Version 17
VisualStudioVersion = 17.2.32526.322
MinimumVisualStudioVersion = 10.0.40219.1
Project("{9A19103F-16F7-4668-BE54-9A1E7A4F7556}") = "Demo_Test", "Demo_Test\Demo_Test.csproj", "{60A13436-0C85-4551-8CFB-22577355C924}"
EndProject
Project("{FAE04EC0-301F-11D3-BF4B-00C04F79EFBC}") = "Demo_Test_test", "Demo_Test_test\Demo_Test_test.csproj", "{AEB391AD-9ADB-4555-8E1B-A1DCFCBEE2D5}"
	ProjectSection(ProjectDependencies) = postProject
		{60A13436-0C85-4551-8CFB-22577355C924} = {60A13436-0C85-4551-8CFB-22577355C924}
	EndProjectSection
EndProject
Global
	GlobalSection(SolutionConfigurationPlatforms) = preSolution
		Debug|Any CPU = Debug|Any CPU
		Release|Any CPU = Release|Any CPU
	EndGlobalSection
	GlobalSection(ProjectConfigurationPlatforms) = postSolution
		{60A13436-0C85-4551-8CFB-22577355C924}.Debug|Any CPU.ActiveCfg = Debug|Any CPU
		{60A13436-0C85-4551-8CFB-22577355C924}.Debug|Any CPU.Build.0 = Debug|Any CPU
		{60A13436-0C85-4551-8CFB-22577355C924}.Release|Any CPU.ActiveCfg = Release|Any CPU
		{60A13436-0C85-4551-8CFB-22577355C924}.Release|Any CPU.Build.0 = Release|Any CPU
		{AEB391AD-9ADB-4555-8E1B-A1DCFCBEE2D5}.Debug|Any CPU.ActiveCfg = Debug|Any CPU
		{AEB391AD-9ADB-4555-8E1B-A1DCFCBEE2D5}.Debug|Any CPU.Build.0 = Debug|Any CPU
		{AEB391AD-9ADB-4555-8E1B-A1DCFCBEE2D5}.Release|Any CPU.ActiveCfg = Release|Any CPU
		{AEB391AD-9ADB-4555-8E1B-A1DCFCBEE2D5}.Release|Any CPU.Build.0 = Release|Any CPU
	EndGlobalSection
	GlobalSection(SolutionProperties) = preSolution
		HideSolutionNode = FALSE
	EndGlobalSection
	GlobalSection(ExtensibilityGlobals) = postSolution
		SolutionGuid = {96E6C982-FB92-4509-B66A-AFD3768D768B}
	EndGlobalSection
EndGlobal
